
Microsoft Visual Studio Solution File, Format Version 12.00
# Visual Studio Version 17
VisualStudioVersion = 17.0.32126.317
MinimumVisualStudioVersion = 10.0.40219.1
Project("{9A19103F-16F7-4668-BE54-9A1E7A4F7556}") = "DevInSales", "DevInSales\DevInSales.csproj", "{0711C911-8AAD-42B3-9240-F1FF5162442A}"
EndProject
Project("{FAE04EC0-301F-11D3-BF4B-00C04F79EFBC}") = "DevInSalesNUnitTests", "DevInSalesNUnitTests\DevInSalesNUnitTests.csproj", "{34F182DE-3399-451D-9D90-AB81BE2FC6BC}"
EndProject
Global
	GlobalSection(SolutionConfigurationPlatforms) = preSolution
		Debug|Any CPU = Debug|Any CPU
		Release|Any CPU = Release|Any CPU
	EndGlobalSection
	GlobalSection(ProjectConfigurationPlatforms) = postSolution
		{0711C911-8AAD-42B3-9240-F1FF5162442A}.Debug|Any CPU.ActiveCfg = Debug|Any CPU
		{0711C911-8AAD-42B3-9240-F1FF5162442A}.Debug|Any CPU.Build.0 = Debug|Any CPU
		{0711C911-8AAD-42B3-9240-F1FF5162442A}.Release|Any CPU.ActiveCfg = Release|Any CPU
		{0711C911-8AAD-42B3-9240-F1FF5162442A}.Release|Any CPU.Build.0 = Release|Any CPU
		{34F182DE-3399-451D-9D90-AB81BE2FC6BC}.Debug|Any CPU.ActiveCfg = Debug|Any CPU
		{34F182DE-3399-451D-9D90-AB81BE2FC6BC}.Debug|Any CPU.Build.0 = Debug|Any CPU
		{34F182DE-3399-451D-9D90-AB81BE2FC6BC}.Release|Any CPU.ActiveCfg = Release|Any CPU
		{34F182DE-3399-451D-9D90-AB81BE2FC6BC}.Release|Any CPU.Build.0 = Release|Any CPU
	EndGlobalSection
	GlobalSection(SolutionProperties) = preSolution
		HideSolutionNode = FALSE
	EndGlobalSection
	GlobalSection(ExtensibilityGlobals) = postSolution
		SolutionGuid = {A2B7862E-A27F-414D-A590-FC1000F33809}
	EndGlobalSection
EndGlobal
